
Microsoft Visual Studio Solution File, Format Version 12.00
# Visual Studio Version 17
VisualStudioVersion = 17.4.33110.190
MinimumVisualStudioVersion = 10.0.40219.1
Project("{9A19103F-16F7-4668-BE54-9A1E7A4F7556}") = "FullExample", "FullExample.csproj", "{7CC94B7C-DCC8-4FEF-92C8-A972AF0BCADE}"
EndProject
Global
	GlobalSection(SolutionConfigurationPlatforms) = preSolution
		Debug|x64 = Debug|x64
		Debug|x86 = Debug|x86
		Release|x64 = Release|x64
		Release|x86 = Release|x86
	EndGlobalSection
	GlobalSection(ProjectConfigurationPlatforms) = postSolution
		{7CC94B7C-DCC8-4FEF-92C8-A972AF0BCADE}.Debug|x64.ActiveCfg = Debug|x64
		{7CC94B7C-DCC8-4FEF-92C8-A972AF0BCADE}.Debug|x64.Build.0 = Debug|x64
		{7CC94B7C-DCC8-4FEF-92C8-A972AF0BCADE}.Debug|x86.ActiveCfg = Debug|x86
		{7CC94B7C-DCC8-4FEF-92C8-A972AF0BCADE}.Debug|x86.Build.0 = Debug|x86
		{7CC94B7C-DCC8-4FEF-92C8-A972AF0BCADE}.Release|x64.ActiveCfg = Release|x64
		{7CC94B7C-DCC8-4FEF-92C8-A972AF0BCADE}.Release|x64.Build.0 = Release|x64
		{7CC94B7C-DCC8-4FEF-92C8-A972AF0BCADE}.Release|x86.ActiveCfg = Release|x86
		{7CC94B7C-DCC8-4FEF-92C8-A972AF0BCADE}.Release|x86.Build.0 = Release|x86
	EndGlobalSection
	GlobalSection(SolutionProperties) = preSolution
		HideSolutionNode = FALSE
	EndGlobalSection
	GlobalSection(ExtensibilityGlobals) = postSolution
		SolutionGuid = {597A8BC2-5E65-4595-8D68-C5D6F508BE11}
	EndGlobalSection
EndGlobal
